
Microsoft Visual Studio Solution File, Format Version 12.00
# Visual Studio Version 17
VisualStudioVersion = 17.5.33530.505
MinimumVisualStudioVersion = 10.0.40219.1
Project("{8BC9CEB8-8B4A-11D0-8D11-00A0C91BC942}") = "OpenSiv3D_0.6.111", "OpenSiv3D_0.6.111\OpenSiv3D_0.6.111.vcxproj", "{B41E6706-943A-446A-BCAF-2B4A4903C442}"
EndProject
Global
	GlobalSection(SolutionConfigurationPlatforms) = preSolution
		Debug|x64 = Debug|x64
		Release|x64 = Release|x64
	EndGlobalSection
	GlobalSection(ProjectConfigurationPlatforms) = postSolution
		{B41E6706-943A-446A-BCAF-2B4A4903C442}.Debug|x64.ActiveCfg = Debug|x64
		{B41E6706-943A-446A-BCAF-2B4A4903C442}.Debug|x64.Build.0 = Debug|x64
		{B41E6706-943A-446A-BCAF-2B4A4903C442}.Release|x64.ActiveCfg = Release|x64
		{B41E6706-943A-446A-BCAF-2B4A4903C442}.Release|x64.Build.0 = Release|x64
	EndGlobalSection
	GlobalSection(SolutionProperties) = preSolution
		HideSolutionNode = FALSE
	EndGlobalSection
	GlobalSection(ExtensibilityGlobals) = postSolution
		SolutionGuid = {50B653A9-F8FF-4B0B-9449-7D62A87D5493}
	EndGlobalSection
EndGlobal
